
Microsoft Visual Studio Solution File, Format Version 12.00
# Visual Studio Version 16
VisualStudioVersion = 16.0.29009.5
MinimumVisualStudioVersion = 10.0.40219.1
Project("{FAE04EC0-301F-11D3-BF4B-00C04F79EFBC}") = "QuickLogin", "QuickLogin\QuickLogin.csproj", "{17C6B04F-062A-4FA9-A797-B9DDCD896119}"
EndProject
Project("{2150E333-8FDC-42A3-9474-1A3956D46DE8}") = "DOC", "DOC", "{06A66857-D125-4CAE-8B26-FBD86A34DFAA}"
	ProjectSection(SolutionItems) = preProject
		DOC\GetDatacenters_feedback.xml = DOC\GetDatacenters_feedback.xml
		LICENSE = LICENSE
		DOC\LoginAccount_feedback.xml = DOC\LoginAccount_feedback.xml
		README.md = README.md
		DOC\StatusServer.xml = DOC\StatusServer.xml
	EndProjectSection
EndProject
Global
	GlobalSection(SolutionConfigurationPlatforms) = preSolution
		Debug|Any CPU = Debug|Any CPU
		Release|Any CPU = Release|Any CPU
	EndGlobalSection
	GlobalSection(ProjectConfigurationPlatforms) = postSolution
		{17C6B04F-062A-4FA9-A797-B9DDCD896119}.Debug|Any CPU.ActiveCfg = Release|Any CPU
		{17C6B04F-062A-4FA9-A797-B9DDCD896119}.Debug|Any CPU.Build.0 = Release|Any CPU
		{17C6B04F-062A-4FA9-A797-B9DDCD896119}.Release|Any CPU.ActiveCfg = Release|Any CPU
		{17C6B04F-062A-4FA9-A797-B9DDCD896119}.Release|Any CPU.Build.0 = Release|Any CPU
	EndGlobalSection
	GlobalSection(SolutionProperties) = preSolution
		HideSolutionNode = FALSE
	EndGlobalSection
	GlobalSection(ExtensibilityGlobals) = postSolution
		SolutionGuid = {B6569C17-8B6B-47CD-8378-ED95E8621854}
	EndGlobalSection
EndGlobal
